
Microsoft Visual Studio Solution File, Format Version 12.00
# Visual Studio 2012
Project("{FAE04EC0-301F-11D3-BF4B-00C04F79EFBC}") = "whiteMath", "whiteMath.csproj", "{8C8113ED-81C6-413C-B8A3-D8336ACBAAAA}"
EndProject
Project("{FAE04EC0-301F-11D3-BF4B-00C04F79EFBC}") = "whiteStructs", "..\whiteStructs\whiteStructs.csproj", "{84D6674A-B7A0-49CC-8ECD-0AE03FA63383}"
EndProject
Global
	GlobalSection(SolutionConfigurationPlatforms) = preSolution
		Benchmark|Any CPU = Benchmark|Any CPU
		Benchmark|Mixed Platforms = Benchmark|Mixed Platforms
		Benchmark|Win32 = Benchmark|Win32
		Benchmark|x86 = Benchmark|x86
		Debug|Any CPU = Debug|Any CPU
		Debug|Mixed Platforms = Debug|Mixed Platforms
		Debug|Win32 = Debug|Win32
		Debug|x86 = Debug|x86
		Release|Any CPU = Release|Any CPU
		Release|Mixed Platforms = Release|Mixed Platforms
		Release|Win32 = Release|Win32
		Release|x86 = Release|x86
	EndGlobalSection
	GlobalSection(ProjectConfigurationPlatforms) = postSolution
		{8C8113ED-81C6-413C-B8A3-D8336ACBAAAA}.Benchmark|Any CPU.ActiveCfg = Benchmark|Any CPU
		{8C8113ED-81C6-413C-B8A3-D8336ACBAAAA}.Benchmark|Any CPU.Build.0 = Benchmark|Any CPU
		{8C8113ED-81C6-413C-B8A3-D8336ACBAAAA}.Benchmark|Mixed Platforms.ActiveCfg = Benchmark|Any CPU
		{8C8113ED-81C6-413C-B8A3-D8336ACBAAAA}.Benchmark|Mixed Platforms.Build.0 = Benchmark|Any CPU
		{8C8113ED-81C6-413C-B8A3-D8336ACBAAAA}.Benchmark|Win32.ActiveCfg = Benchmark|Any CPU
		{8C8113ED-81C6-413C-B8A3-D8336ACBAAAA}.Benchmark|x86.ActiveCfg = Benchmark|Any CPU
		{8C8113ED-81C6-413C-B8A3-D8336ACBAAAA}.Debug|Any CPU.ActiveCfg = Debug|Any CPU
		{8C8113ED-81C6-413C-B8A3-D8336ACBAAAA}.Debug|Any CPU.Build.0 = Debug|Any CPU
		{8C8113ED-81C6-413C-B8A3-D8336ACBAAAA}.Debug|Mixed Platforms.ActiveCfg = Debug|Any CPU
		{8C8113ED-81C6-413C-B8A3-D8336ACBAAAA}.Debug|Mixed Platforms.Build.0 = Debug|Any CPU
		{8C8113ED-81C6-413C-B8A3-D8336ACBAAAA}.Debug|Win32.ActiveCfg = Debug|Any CPU
		{8C8113ED-81C6-413C-B8A3-D8336ACBAAAA}.Debug|x86.ActiveCfg = Debug|Any CPU
		{8C8113ED-81C6-413C-B8A3-D8336ACBAAAA}.Release|Any CPU.ActiveCfg = Release|Any CPU
		{8C8113ED-81C6-413C-B8A3-D8336ACBAAAA}.Release|Any CPU.Build.0 = Release|Any CPU
		{8C8113ED-81C6-413C-B8A3-D8336ACBAAAA}.Release|Mixed Platforms.ActiveCfg = Release|Any CPU
		{8C8113ED-81C6-413C-B8A3-D8336ACBAAAA}.Release|Mixed Platforms.Build.0 = Release|Any CPU
		{8C8113ED-81C6-413C-B8A3-D8336ACBAAAA}.Release|Win32.ActiveCfg = Release|Any CPU
		{8C8113ED-81C6-413C-B8A3-D8336ACBAAAA}.Release|x86.ActiveCfg = Release|Any CPU
		{84D6674A-B7A0-49CC-8ECD-0AE03FA63383}.Benchmark|Any CPU.ActiveCfg = Benchmark|Any CPU
		{84D6674A-B7A0-49CC-8ECD-0AE03FA63383}.Benchmark|Any CPU.Build.0 = Benchmark|Any CPU
		{84D6674A-B7A0-49CC-8ECD-0AE03FA63383}.Benchmark|Mixed Platforms.ActiveCfg = Benchmark|Any CPU
		{84D6674A-B7A0-49CC-8ECD-0AE03FA63383}.Benchmark|Mixed Platforms.Build.0 = Benchmark|Any CPU
		{84D6674A-B7A0-49CC-8ECD-0AE03FA63383}.Benchmark|Win32.ActiveCfg = Benchmark|Any CPU
		{84D6674A-B7A0-49CC-8ECD-0AE03FA63383}.Benchmark|x86.ActiveCfg = Benchmark|Any CPU
		{84D6674A-B7A0-49CC-8ECD-0AE03FA63383}.Debug|Any CPU.ActiveCfg = Debug|Any CPU
		{84D6674A-B7A0-49CC-8ECD-0AE03FA63383}.Debug|Any CPU.Build.0 = Debug|Any CPU
		{84D6674A-B7A0-49CC-8ECD-0AE03FA63383}.Debug|Mixed Platforms.ActiveCfg = Debug|Any CPU
		{84D6674A-B7A0-49CC-8ECD-0AE03FA63383}.Debug|Mixed Platforms.Build.0 = Debug|Any CPU
		{84D6674A-B7A0-49CC-8ECD-0AE03FA63383}.Debug|Win32.ActiveCfg = Debug|Any CPU
		{84D6674A-B7A0-49CC-8ECD-0AE03FA63383}.Debug|x86.ActiveCfg = Debug|Any CPU
		{84D6674A-B7A0-49CC-8ECD-0AE03FA63383}.Release|Any CPU.ActiveCfg = Release|Any CPU
		{84D6674A-B7A0-49CC-8ECD-0AE03FA63383}.Release|Any CPU.Build.0 = Release|Any CPU
		{84D6674A-B7A0-49CC-8ECD-0AE03FA63383}.Release|Mixed Platforms.ActiveCfg = Release|Any CPU
		{84D6674A-B7A0-49CC-8ECD-0AE03FA63383}.Release|Mixed Platforms.Build.0 = Release|Any CPU
		{84D6674A-B7A0-49CC-8ECD-0AE03FA63383}.Release|Win32.ActiveCfg = Release|Any CPU
		{84D6674A-B7A0-49CC-8ECD-0AE03FA63383}.Release|x86.ActiveCfg = Release|Any CPU
	EndGlobalSection
	GlobalSection(SolutionProperties) = preSolution
		HideSolutionNode = FALSE
	EndGlobalSection
	GlobalSection(SubversionScc) = preSolution
		Svn-Managed = True
		Manager = AnkhSVN - Subversion Support for Visual Studio
	EndGlobalSection
EndGlobal
